{
  "originHash" : "505706693e7c728290101c61441c8ced3660e680a2b04869ba1f3a37512ebc89",
  "pins" : [
    {
      "identity" : "kronos",
      "kind" : "remoteSourceControl",
      "location" : "https://github.com/MobileNativeFoundation/Kronos.git",
      "state" : {
        "revision" : "f331821314f9b35867a18c5c8fc2f918536d79ac",
        "version" : "4.3.1"
      }
    }
  ],
  "version" : 3
}
